// !$*UTF8*$!
{
	archiveVersion = 1;
	classes = {
	};
	objectVersion = 56;
	objects = {

/* Begin PBXBuildFile section */
		16AB94F42B634BC100478103 /* CalendarsApp.swift in Sources */ = {isa = PBXBuildFile; fileRef = 16AB94F32B634BC100478103 /* CalendarsApp.swift */; };
		16AB94F62B634BC100478103 /* ContentView.swift in Sources */ = {isa = PBXBuildFile; fileRef = 16AB94F52B634BC100478103 /* ContentView.swift */; };
		16AB94F82B634BC200478103 /* Assets.xcassets in Resources */ = {isa = PBXBuildFile; fileRef = 16AB94F72B634BC200478103 /* Assets.xcassets */; };
		16AB94FB2B634BC200478103 /* Preview Assets.xcassets in Resources */ = {isa = PBXBuildFile; fileRef = 16AB94FA2B634BC200478103 /* Preview Assets.xcassets */; };
/* End PBXBuildFile section */

/* Begin PBXContainerItemProxy section */
		16AB95012B634BC300478103 /* PBXContainerItemProxy */ = {
			isa = PBXContainerItemProxy;
			containerPortal = 16AB94E82B634BC100478103 /* Project object */;
			proxyType = 1;
			remoteGlobalIDString = 16AB94EF2B634BC100478103;
			remoteInfo = Calendars;
		};
		16AB950B2B634BC300478103 /* PBXContainerItemProxy */ = {
			isa = PBXContainerItemProxy;
			containerPortal = 16AB94E82B634BC100478103 /* Project object */;
			proxyType = 1;
			remoteGlobalIDString = 16AB94EF2B634BC100478103;
			remoteInfo = Calendars;
		};
/* End PBXContainerItemProxy section */

/* Begin PBXFileReference section */
		16AB94F02B634BC100478103 /* Calendars.app */ = {isa = PBXFileReference; explicitFileType = wrapper.application; includeInIndex = 0; path = Calendars.app; sourceTree = BUILT_PRODUCTS_DIR; };
		16AB94F32B634BC100478103 /* CalendarsApp.swift */ = {isa = PBXFileReference; lastKnownFileType = sourcecode.swift; path = CalendarsApp.swift; sourceTree = "<group>"; };
		16AB94F52B634BC100478103 /* ContentView.swift */ = {isa = PBXFileReference; lastKnownFileType = sourcecode.swift; path = ContentView.swift; sourceTree = "<group>"; };
		16AB94F72B634BC200478103 /* Assets.xcassets */ = {isa = PBXFileReference; lastKnownFileType = folder.assetcatalog; path = Assets.xcassets; sourceTree = "<group>"; };
		16AB94FA2B634BC200478103 /* Preview Assets.xcassets */ = {isa = PBXFileReference; lastKnownFileType = folder.assetcatalog; path = "Preview Assets.xcassets"; sourceTree = "<group>"; };
		16AB95002B634BC300478103 /* CalendarsTests.xctest */ = {isa = PBXFileReference; explicitFileType = wrapper.cfbundle; includeInIndex = 0; path = CalendarsTests.xctest; sourceTree = BUILT_PRODUCTS_DIR; };
		16AB950A2B634BC300478103 /* CalendarsUITests.xctest */ = {isa = PBXFileReference; explicitFileType = wrapper.cfbundle; includeInIndex = 0; path = CalendarsUITests.xctest; sourceTree = BUILT_PRODUCTS_DIR; };
/* End PBXFileReference section */

/* Begin PBXFrameworksBuildPhase section */
		16AB94ED2B634BC100478103 /* Frameworks */ = {
			isa = PBXFrameworksBuildPhase;
			buildActionMask = 2147483647;
			files = (
			);
			runOnlyForDeploymentPostprocessing = 0;
		};
		16AB94FD2B634BC300478103 /* Frameworks */ = {
			isa = PBXFrameworksBuildPhase;
			buildActionMask = 2147483647;
			files = (
			);
			runOnlyForDeploymentPostprocessing = 0;
		};
		16AB95072B634BC300478103 /* Frameworks */ = {
			isa = PBXFrameworksBuildPhase;
			buildActionMask = 2147483647;
			files = (
			);
			runOnlyForDeploymentPostprocessing = 0;
		};
/* End PBXFrameworksBuildPhase section */

/* Begin PBXGroup section */
		16AB94E72B634BC100478103 = {
			isa = PBXGroup;
			children = (
				16AB94F22B634BC100478103 /* Calendars */,
				16AB94F12B634BC100478103 /* Products */,
			);
			sourceTree = "<group>";
		};
		16AB94F12B634BC100478103 /* Products */ = {
			isa = PBXGroup;
			children = (
				16AB94F02B634BC100478103 /* Calendars.app */,
				16AB95002B634BC300478103 /* CalendarsTests.xctest */,
				16AB950A2B634BC300478103 /* CalendarsUITests.xctest */,
			);
			name = Products;
			sourceTree = "<group>";
		};
		16AB94F22B634BC100478103 /* Calendars */ = {
			isa = PBXGroup;
			children = (
				16AB94F32B634BC100478103 /* CalendarsApp.swift */,
				16AB94F52B634BC100478103 /* ContentView.swift */,
				16AB94F72B634BC200478103 /* Assets.xcassets */,
				16AB94F92B634BC200478103 /* Preview Content */,
			);
			path = Calendars;
			sourceTree = "<group>";
		};
		16AB94F92B634BC200478103 /* Preview Content */ = {
			isa = PBXGroup;
			children = (
				16AB94FA2B634BC200478103 /* Preview Assets.xcassets */,
			);
			path = "Preview Content";
			sourceTree = "<group>";
		};
/* End PBXGroup section */

/* Begin PBXNativeTarget section */
		16AB94EF2B634BC100478103 /* Calendars */ = {
			isa = PBXNativeTarget;
			buildConfigurationList = 16AB95142B634BC300478103 /* Build configuration list for PBXNativeTarget "Calendars" */;
			buildPhases = (
				16AB94EC2B634BC100478103 /* Sources */,
				16AB94ED2B634BC100478103 /* Frameworks */,
				16AB94EE2B634BC100478103 /* Resources */,
			);
			buildRules = (
			);
			dependencies = (
			);
			name = Calendars;
			productName = Calendars;
			productReference = 16AB94F02B634BC100478103 /* Calendars.app */;
			productType = "com.apple.product-type.application";
		};
		16AB94FF2B634BC300478103 /* CalendarsTests */ = {
			isa = PBXNativeTarget;
			buildConfigurationList = 16AB95172B634BC300478103 /* Build configuration list for PBXNativeTarget "CalendarsTests" */;
			buildPhases = (
				16AB94FC2B634BC300478103 /* Sources */,
				16AB94FD2B634BC300478103 /* Frameworks */,
				16AB94FE2B634BC300478103 /* Resources */,
			);
			buildRules = (
			);
			dependencies = (
				16AB95022B634BC300478103 /* PBXTargetDependency */,
			);
			name = CalendarsTests;
			productName = CalendarsTests;
			productReference = 16AB95002B634BC300478103 /* CalendarsTests.xctest */;
			productType = "com.apple.product-type.bundle.unit-test";
		};
		16AB95092B634BC300478103 /* CalendarsUITests */ = {
			isa = PBXNativeTarget;
			buildConfigurationList = 16AB951A2B634BC300478103 /* Build configuration list for PBXNativeTarget "CalendarsUITests" */;
			buildPhases = (
				16AB95062B634BC300478103 /* Sources */,
				16AB95072B634BC300478103 /* Frameworks */,
				16AB95082B634BC300478103 /* Resources */,
			);
			buildRules = (
			);
			dependencies = (
				16AB950C2B634BC300478103 /* PBXTargetDependency */,
			);
			name = CalendarsUITests;
			productName = CalendarsUITests;
			productReference = 16AB950A2B634BC300478103 /* CalendarsUITests.xctest */;
			productType = "com.apple.product-type.bundle.ui-testing";
		};
/* End PBXNativeTarget section */

/* Begin PBXProject section */
		16AB94E82B634BC100478103 /* Project object */ = {
			isa = PBXProject;
			attributes = {
				BuildIndependentTargetsInParallel = 1;
				LastSwiftUpdateCheck = 1520;
				LastUpgradeCheck = 1520;
				TargetAttributes = {
					16AB94EF2B634BC100478103 = {
						CreatedOnToolsVersion = 15.2;
					};
					16AB94FF2B634BC300478103 = {
						CreatedOnToolsVersion = 15.2;
						TestTargetID = 16AB94EF2B634BC100478103;
					};
					16AB95092B634BC300478103 = {
						CreatedOnToolsVersion = 15.2;
						TestTargetID = 16AB94EF2B634BC100478103;
					};
				};
			};
			buildConfigurationList = 16AB94EB2B634BC100478103 /* Build configuration list for PBXProject "Calendars" */;
			compatibilityVersion = "Xcode 14.0";
			developmentRegion = en;
			hasScannedForEncodings = 0;
			knownRegions = (
				en,
				Base,
			);
			mainGroup = 16AB94E72B634BC100478103;
			productRefGroup = 16AB94F12B634BC100478103 /* Products */;
			projectDirPath = "";
			projectRoot = "";
			targets = (
				16AB94EF2B634BC100478103 /* Calendars */,
				16AB94FF2B634BC300478103 /* CalendarsTests */,
				16AB95092B634BC300478103 /* CalendarsUITests */,
			);
		};
/* End PBXProject section */

/* Begin PBXResourcesBuildPhase section */
		16AB94EE2B634BC100478103 /* Resources */ = {
			isa = PBXResourcesBuildPhase;
			buildActionMask = 2147483647;
			files = (
				16AB94FB2B634BC200478103 /* Preview Assets.xcassets in Resources */,
				16AB94F82B634BC200478103 /* Assets.xcassets in Resources */,
			);
			runOnlyForDeploymentPostprocessing = 0;
		};
		16AB94FE2B634BC300478103 /* Resources */ = {
			isa = PBXResourcesBuildPhase;
			buildActionMask = 2147483647;
			files = (
			);
			runOnlyForDeploymentPostprocessing = 0;
		};
		16AB95082B634BC300478103 /* Resources */ = {
			isa = PBXResourcesBuildPhase;
			buildActionMask = 2147483647;
			files = (
			);
			runOnlyForDeploymentPostprocessing = 0;
		};
/* End PBXResourcesBuildPhase section */

/* Begin PBXSourcesBuildPhase section */
		16AB94EC2B634BC100478103 /* Sources */ = {
			isa = PBXSourcesBuildPhase;
			buildActionMask = 2147483647;
			files = (
				16AB94F62B634BC100478103 /* ContentView.swift in Sources */,
				16AB94F42B634BC100478103 /* CalendarsApp.swift in Sources */,
			);
			runOnlyForDeploymentPostprocessing = 0;
		};
		16AB94FC2B634BC300478103 /* Sources */ = {
			isa = PBXSourcesBuildPhase;
			buildActionMask = 2147483647;
			files = (
			);
			runOnlyForDeploymentPostprocessing = 0;
		};
		16AB95062B634BC300478103 /* Sources */ = {
			isa = PBXSourcesBuildPhase;
			buildActionMask = 2147483647;
			files = (
			);
			runOnlyForDeploymentPostprocessing = 0;
		};
/* End PBXSourcesBuildPhase section */

/* Begin PBXTargetDependency section */
		16AB95022B634BC300478103 /* PBXTargetDependency */ = {
			isa = PBXTargetDependency;
			target = 16AB94EF2B634BC100478103 /* Calendars */;
			targetProxy = 16AB95012B634BC300478103 /* PBXContainerItemProxy */;
		};
		16AB950C2B634BC300478103 /* PBXTargetDependency */ = {
			isa = PBXTargetDependency;
			target = 16AB94EF2B634BC100478103 /* Calendars */;
			targetProxy = 16AB950B2B634BC300478103 /* PBXContainerItemProxy */;
		};
/* End PBXTargetDependency section */

/* Begin XCBuildConfiguration section */
		16AB95122B634BC300478103 /* Debug */ = {
			isa = XCBuildConfiguration;
			buildSettings = {
				ALWAYS_SEARCH_USER_PATHS = NO;
				ASSETCATALOG_COMPILER_GENERATE_SWIFT_ASSET_SYMBOL_EXTENSIONS = YES;
				CLANG_ANALYZER_NONNULL = YES;
				CLANG_ANALYZER_NUMBER_OBJECT_CONVERSION = YES_AGGRESSIVE;
				CLANG_CXX_LANGUAGE_STANDARD = "gnu++20";
				CLANG_ENABLE_MODULES = YES;
				CLANG_ENABLE_OBJC_ARC = YES;
				CLANG_ENABLE_OBJC_WEAK = YES;
				CLANG_WARN_BLOCK_CAPTURE_AUTORELEASING = YES;
				CLANG_WARN_BOOL_CONVERSION = YES;
				CLANG_WARN_COMMA = YES;
				CLANG_WARN_CONSTANT_CONVERSION = YES;
				CLANG_WARN_DEPRECATED_OBJC_IMPLEMENTATIONS = YES;
				CLANG_WARN_DIRECT_OBJC_ISA_USAGE = YES_ERROR;
				CLANG_WARN_DOCUMENTATION_COMMENTS = YES;
				CLANG_WARN_EMPTY_BODY = YES;
				CLANG_WARN_ENUM_CONVERSION = YES;
				CLANG_WARN_INFINITE_RECURSION = YES;
				CLANG_WARN_INT_CONVERSION = YES;
				CLANG_WARN_NON_LITERAL_NULL_CONVERSION = YES;
				CLANG_WARN_OBJC_IMPLICIT_RETAIN_SELF = YES;
				CLANG_WARN_OBJC_LITERAL_CONVERSION = YES;
				CLANG_WARN_OBJC_ROOT_CLASS = YES_ERROR;
				CLANG_WARN_QUOTED_INCLUDE_IN_FRAMEWORK_HEADER = YES;
				CLANG_WARN_RANGE_LOOP_ANALYSIS = YES;
				CLANG_WARN_STRICT_PROTOTYPES = YES;
				CLANG_WARN_SUSPICIOUS_MOVE = YES;
				CLANG_WARN_UNGUARDED_AVAILABILITY = YES_AGGRESSIVE;
				CLANG_WARN_UNREACHABLE_CODE = YES;
				CLANG_WARN__DUPLICATE_METHOD_MATCH = YES;
				COPY_PHASE_STRIP = NO;
				DEBUG_INFORMATION_FORMAT = dwarf;
				ENABLE_STRICT_OBJC_MSGSEND = YES;
				ENABLE_TESTABILITY = YES;
				ENABLE_USER_SCRIPT_SANDBOXING = YES;
				GCC_C_LANGUAGE_STANDARD = gnu17;
				GCC_DYNAMIC_NO_PIC = NO;
				GCC_NO_COMMON_BLOCKS = YES;
				GCC_OPTIMIZATION_LEVEL = 0;
				GCC_PREPROCESSOR_DEFINITIONS = (
					"DEBUG=1",
					"$(inherited)",
				);
				GCC_WARN_64_TO_32_BIT_CONVERSION = YES;
				GCC_WARN_ABOUT_RETURN_TYPE = YES_ERROR;
				GCC_WARN_UNDECLARED_SELECTOR = YES;
				GCC_WARN_UNINITIALIZED_AUTOS = YES_AGGRESSIVE;
				GCC_WARN_UNUSED_FUNCTION = YES;
				GCC_WARN_UNUSED_VARIABLE = YES;
				IPHONEOS_DEPLOYMENT_TARGET = 17.2;
				LOCALIZATION_PREFERS_STRING_CATALOGS = YES;
				MTL_ENABLE_DEBUG_INFO = INCLUDE_SOURCE;
				MTL_FAST_MATH = YES;
				ONLY_ACTIVE_ARCH = YES;
				SDKROOT = iphoneos;
				SWIFT_ACTIVE_COMPILATION_CONDITIONS = "DEBUG $(inherited)";
				SWIFT_OPTIMIZATION_LEVEL = "-Onone";
			};
			name = Debug;
		};
		16AB95132B634BC300478103 /* Release */ = {
			isa = XCBuildConfiguration;
			buildSettings = {
				ALWAYS_SEARCH_USER_PATHS = NO;
				ASSETCATALOG_COMPILER_GENERATE_SWIFT_ASSET_SYMBOL_EXTENSIONS = YES;
				CLANG_ANALYZER_NONNULL = YES;
				CLANG_ANALYZER_NUMBER_OBJECT_CONVERSION = YES_AGGRESSIVE;
				CLANG_CXX_LANGUAGE_STANDARD = "gnu++20";
				CLANG_ENABLE_MODULES = YES;
				CLANG_ENABLE_OBJC_ARC = YES;
				CLANG_ENABLE_OBJC_WEAK = YES;
				CLANG_WARN_BLOCK_CAPTURE_AUTORELEASING = YES;
				CLANG_WARN_BOOL_CONVERSION = YES;
				CLANG_WARN_COMMA = YES;
				CLANG_WARN_CONSTANT_CONVERSION = YES;
				CLANG_WARN_DEPRECATED_OBJC_IMPLEMENTATIONS = YES;
				CLANG_WARN_DIRECT_OBJC_ISA_USAGE = YES_ERROR;
				CLANG_WARN_DOCUMENTATION_COMMENTS = YES;
				CLANG_WARN_EMPTY_BODY = YES;
				CLANG_WARN_ENUM_CONVERSION = YES;
				CLANG_WARN_INFINITE_RECURSION = YES;
				CLANG_WARN_INT_CONVERSION = YES;
				CLANG_WARN_NON_LITERAL_NULL_CONVERSION = YES;
				CLANG_WARN_OBJC_IMPLICIT_RETAIN_SELF = YES;
				CLANG_WARN_OBJC_LITERAL_CONVERSION = YES;
				CLANG_WARN_OBJC_ROOT_CLASS = YES_ERROR;
				CLANG_WARN_QUOTED_INCLUDE_IN_FRAMEWORK_HEADER = YES;
				CLANG_WARN_RANGE_LOOP_ANALYSIS = YES;
				CLANG_WARN_STRICT_PROTOTYPES = YES;
				CLANG_WARN_SUSPICIOUS_MOVE = YES;
				CLANG_WARN_UNGUARDED_AVAILABILITY = YES_AGGRESSIVE;
				CLANG_WARN_UNREACHABLE_CODE = YES;
				CLANG_WARN__DUPLICATE_METHOD_MATCH = YES;
				COPY_PHASE_STRIP = NO;
				DEBUG_INFORMATION_FORMAT = "dwarf-with-dsym";
				ENABLE_NS_ASSERTIONS = NO;
				ENABLE_STRICT_OBJC_MSGSEND = YES;
				ENABLE_USER_SCRIPT_SANDBOXING = YES;
				GCC_C_LANGUAGE_STANDARD = gnu17;
				GCC_NO_COMMON_BLOCKS = YES;
				GCC_WARN_64_TO_32_BIT_CONVERSION = YES;
				GCC_WARN_ABOUT_RETURN_TYPE = YES_ERROR;
				GCC_WARN_UNDECLARED_SELECTOR = YES;
				GCC_WARN_UNINITIALIZED_AUTOS = YES_AGGRESSIVE;
				GCC_WARN_UNUSED_FUNCTION = YES;
				GCC_WARN_UNUSED_VARIABLE = YES;
				IPHONEOS_DEPLOYMENT_TARGET = 17.2;
				LOCALIZATION_PREFERS_STRING_CATALOGS = YES;
				MTL_ENABLE_DEBUG_INFO = NO;
				MTL_FAST_MATH = YES;
				SDKROOT = iphoneos;
				SWIFT_COMPILATION_MODE = wholemodule;
				VALIDATE_PRODUCT = YES;
			};
			name = Release;
		};
		16AB95152B634BC300478103 /* Debug */ = {
			isa = XCBuildConfiguration;
			buildSettings = {
				ASSETCATALOG_COMPILER_APPICON_NAME = AppIcon;
				ASSETCATALOG_COMPILER_GLOBAL_ACCENT_COLOR_NAME = AccentColor;
				CODE_SIGN_STYLE = Automatic;
				CURRENT_PROJECT_VERSION = 1;
				DEVELOPMENT_ASSET_PATHS = "\"Calendars/Preview Content\"";
				ENABLE_PREVIEWS = YES;
				GENERATE_INFOPLIST_FILE = YES;
				INFOPLIST_KEY_UIApplicationSceneManifest_Generation = YES;
				INFOPLIST_KEY_UIApplicationSupportsIndirectInputEvents = YES;
				INFOPLIST_KEY_UILaunchScreen_Generation = YES;
				INFOPLIST_KEY_UISupportedInterfaceOrientations_iPad = "UIInterfaceOrientationPortrait UIInterfaceOrientationPortraitUpsideDown UIInterfaceOrientationLandscapeLeft UIInterfaceOrientationLandscapeRight";
				INFOPLIST_KEY_UISupportedInterfaceOrientations_iPhone = "UIInterfaceOrientationPortrait UIInterfaceOrientationLandscapeLeft UIInterfaceOrientationLandscapeRight";
				LD_RUNPATH_SEARCH_PATHS = (
					"$(inherited)",
					"@executable_path/Frameworks",
				);
				MARKETING_VERSION = 1.0;
				PRODUCT_BUNDLE_IDENTIFIER = com.trevis.Calendars;
				PRODUCT_NAME = "$(TARGET_NAME)";
				SWIFT_EMIT_LOC_STRINGS = YES;
				SWIFT_VERSION = 5.0;
				TARGETED_DEVICE_FAMILY = "1,2";
			};
			name = Debug;
		};
		16AB95162B634BC300478103 /* Release */ = {
			isa = XCBuildConfiguration;
			buildSettings = {
				ASSETCATALOG_COMPILER_APPICON_NAME = AppIcon;
				ASSETCATALOG_COMPILER_GLOBAL_ACCENT_COLOR_NAME = AccentColor;
				CODE_SIGN_STYLE = Automatic;
				CURRENT_PROJECT_VERSION = 1;
				DEVELOPMENT_ASSET_PATHS = "\"Calendars/Preview Content\"";
				ENABLE_PREVIEWS = YES;
				GENERATE_INFOPLIST_FILE = YES;
				INFOPLIST_KEY_UIApplicationSceneManifest_Generation = YES;
				INFOPLIST_KEY_UIApplicationSupportsIndirectInputEvents = YES;
				INFOPLIST_KEY_UILaunchScreen_Generation = YES;
				INFOPLIST_KEY_UISupportedInterfaceOrientations_iPad = "UIInterfaceOrientationPortrait UIInterfaceOrientationPortraitUpsideDown UIInterfaceOrientationLandscapeLeft UIInterfaceOrientationLandscapeRight";
				INFOPLIST_KEY_UISupportedInterfaceOrientations_iPhone = "UIInterfaceOrientationPortrait UIInterfaceOrientationLandscapeLeft UIInterfaceOrientationLandscapeRight";
				LD_RUNPATH_SEARCH_PATHS = (
					"$(inherited)",
					"@executable_path/Frameworks",
				);
				MARKETING_VERSION = 1.0;
				PRODUCT_BUNDLE_IDENTIFIER = com.trevis.Calendars;
				PRODUCT_NAME = "$(TARGET_NAME)";
				SWIFT_EMIT_LOC_STRINGS = YES;
				SWIFT_VERSION = 5.0;
				TARGETED_DEVICE_FAMILY = "1,2";
			};
			name = Release;
		};
		16AB95182B634BC300478103 /* Debug */ = {
			isa = XCBuildConfiguration;
			buildSettings = {
				ALWAYS_EMBED_SWIFT_STANDARD_LIBRARIES = YES;
				BUNDLE_LOADER = "$(TEST_HOST)";
				CODE_SIGN_STYLE = Automatic;
				CURRENT_PROJECT_VERSION = 1;
				GENERATE_INFOPLIST_FILE = YES;
				IPHONEOS_DEPLOYMENT_TARGET = 17.2;
				MARKETING_VERSION = 1.0;
				PRODUCT_BUNDLE_IDENTIFIER = com.trevis.CalendarsTests;
				PRODUCT_NAME = "$(TARGET_NAME)";
				SWIFT_EMIT_LOC_STRINGS = NO;
				SWIFT_VERSION = 5.0;
				TARGETED_DEVICE_FAMILY = "1,2";
				TEST_HOST = "$(BUILT_PRODUCTS_DIR)/Calendars.app/$(BUNDLE_EXECUTABLE_FOLDER_PATH)/Calendars";
			};
			name = Debug;
		};
		16AB95192B634BC300478103 /* Release */ = {
			isa = XCBuildConfiguration;
			buildSettings = {
				ALWAYS_EMBED_SWIFT_STANDARD_LIBRARIES = YES;
				BUNDLE_LOADER = "$(TEST_HOST)";
				CODE_SIGN_STYLE = Automatic;
				CURRENT_PROJECT_VERSION = 1;
				GENERATE_INFOPLIST_FILE = YES;
				IPHONEOS_DEPLOYMENT_TARGET = 17.2;
				MARKETING_VERSION = 1.0;
				PRODUCT_BUNDLE_IDENTIFIER = com.trevis.CalendarsTests;
				PRODUCT_NAME = "$(TARGET_NAME)";
				SWIFT_EMIT_LOC_STRINGS = NO;
				SWIFT_VERSION = 5.0;
				TARGETED_DEVICE_FAMILY = "1,2";
				TEST_HOST = "$(BUILT_PRODUCTS_DIR)/Calendars.app/$(BUNDLE_EXECUTABLE_FOLDER_PATH)/Calendars";
			};
			name = Release;
		};
		16AB951B2B634BC300478103 /* Debug */ = {
			isa = XCBuildConfiguration;
			buildSettings = {
				ALWAYS_EMBED_SWIFT_STANDARD_LIBRARIES = YES;
				CODE_SIGN_STYLE = Automatic;
				CURRENT_PROJECT_VERSION = 1;
				GENERATE_INFOPLIST_FILE = YES;
				MARKETING_VERSION = 1.0;
				PRODUCT_BUNDLE_IDENTIFIER = com.trevis.CalendarsUITests;
				PRODUCT_NAME = "$(TARGET_NAME)";
				SWIFT_EMIT_LOC_STRINGS = NO;
				SWIFT_VERSION = 5.0;
				TARGETED_DEVICE_FAMILY = "1,2";
				TEST_TARGET_NAME = Calendars;
			};
			name = Debug;
		};
		16AB951C2B634BC300478103 /* Release */ = {
			isa = XCBuildConfiguration;
			buildSettings = {
				ALWAYS_EMBED_SWIFT_STANDARD_LIBRARIES = YES;
				CODE_SIGN_STYLE = Automatic;
				CURRENT_PROJECT_VERSION = 1;
				GENERATE_INFOPLIST_FILE = YES;
				MARKETING_VERSION = 1.0;
				PRODUCT_BUNDLE_IDENTIFIER = com.trevis.CalendarsUITests;
				PRODUCT_NAME = "$(TARGET_NAME)";
				SWIFT_EMIT_LOC_STRINGS = NO;
				SWIFT_VERSION = 5.0;
				TARGETED_DEVICE_FAMILY = "1,2";
				TEST_TARGET_NAME = Calendars;
			};
			name = Release;
		};
/* End XCBuildConfiguration section */

/* Begin XCConfigurationList section */
		16AB94EB2B634BC100478103 /* Build configuration list for PBXProject "Calendars" */ = {
			isa = XCConfigurationList;
			buildConfigurations = (
				16AB95122B634BC300478103 /* Debug */,
				16AB95132B634BC300478103 /* Release */,
			);
			defaultConfigurationIsVisible = 0;
			defaultConfigurationName = Release;
		};
		16AB95142B634BC300478103 /* Build configuration list for PBXNativeTarget "Calendars" */ = {
			isa = XCConfigurationList;
			buildConfigurations = (
				16AB95152B634BC300478103 /* Debug */,
				16AB95162B634BC300478103 /* Release */,
			);
			defaultConfigurationIsVisible = 0;
			defaultConfigurationName = Release;
		};
		16AB95172B634BC300478103 /* Build configuration list for PBXNativeTarget "CalendarsTests" */ = {
			isa = XCConfigurationList;
			buildConfigurations = (
				16AB95182B634BC300478103 /* Debug */,
				16AB95192B634BC300478103 /* Release */,
			);
			defaultConfigurationIsVisible = 0;
			defaultConfigurationName = Release;
		};
		16AB951A2B634BC300478103 /* Build configuration list for PBXNativeTarget "CalendarsUITests" */ = {
			isa = XCConfigurationList;
			buildConfigurations = (
				16AB951B2B634BC300478103 /* Debug */,
				16AB951C2B634BC300478103 /* Release */,
			);
			defaultConfigurationIsVisible = 0;
			defaultConfigurationName = Release;
		};
/* End XCConfigurationList section */
	};
	rootObject = 16AB94E82B634BC100478103 /* Project object */;
}
